
Microsoft Visual Studio Solution File, Format Version 12.00
# Visual Studio Version 16
VisualStudioVersion = 16.0.30907.101
MinimumVisualStudioVersion = 10.0.40219.1
Project("{FAE04EC0-301F-11D3-BF4B-00C04F79EFBC}") = "LibraryWpfApp", "LibraryWpfApp\LibraryWpfApp.csproj", "{D72FBE35-DDC0-493E-ABCC-9A7DC966388A}"
EndProject
Project("{FAE04EC0-301F-11D3-BF4B-00C04F79EFBC}") = "InputDataLibrary", "InputDataLibrary\InputDataLibrary.csproj", "{5593F024-9DE3-43A9-A47A-14A214C174DD}"
EndProject
Project("{FAE04EC0-301F-11D3-BF4B-00C04F79EFBC}") = "InputDataTests", "InputDataTests\InputDataTests.csproj", "{4745FC43-EE8F-43E4-99DA-4AC8E1FF7DDA}"
EndProject
Project("{54435603-DBB4-11D2-8724-00A0C9A8B90C}") = "LibraryAppSetup", "LibraryAppSetup\LibraryAppSetup.vdproj", "{2AEE2C21-AFD6-4C2C-BEA6-396AC5E14063}"
EndProject
Global
	GlobalSection(SolutionConfigurationPlatforms) = preSolution
		Debug|Any CPU = Debug|Any CPU
		Release|Any CPU = Release|Any CPU
	EndGlobalSection
	GlobalSection(ProjectConfigurationPlatforms) = postSolution
		{D72FBE35-DDC0-493E-ABCC-9A7DC966388A}.Debug|Any CPU.ActiveCfg = Debug|Any CPU
		{D72FBE35-DDC0-493E-ABCC-9A7DC966388A}.Debug|Any CPU.Build.0 = Debug|Any CPU
		{D72FBE35-DDC0-493E-ABCC-9A7DC966388A}.Release|Any CPU.ActiveCfg = Release|Any CPU
		{D72FBE35-DDC0-493E-ABCC-9A7DC966388A}.Release|Any CPU.Build.0 = Release|Any CPU
		{5593F024-9DE3-43A9-A47A-14A214C174DD}.Debug|Any CPU.ActiveCfg = Debug|Any CPU
		{5593F024-9DE3-43A9-A47A-14A214C174DD}.Debug|Any CPU.Build.0 = Debug|Any CPU
		{5593F024-9DE3-43A9-A47A-14A214C174DD}.Release|Any CPU.ActiveCfg = Release|Any CPU
		{5593F024-9DE3-43A9-A47A-14A214C174DD}.Release|Any CPU.Build.0 = Release|Any CPU
		{4745FC43-EE8F-43E4-99DA-4AC8E1FF7DDA}.Debug|Any CPU.ActiveCfg = Debug|Any CPU
		{4745FC43-EE8F-43E4-99DA-4AC8E1FF7DDA}.Debug|Any CPU.Build.0 = Debug|Any CPU
		{4745FC43-EE8F-43E4-99DA-4AC8E1FF7DDA}.Release|Any CPU.ActiveCfg = Release|Any CPU
		{4745FC43-EE8F-43E4-99DA-4AC8E1FF7DDA}.Release|Any CPU.Build.0 = Release|Any CPU
		{2AEE2C21-AFD6-4C2C-BEA6-396AC5E14063}.Debug|Any CPU.ActiveCfg = Debug
		{2AEE2C21-AFD6-4C2C-BEA6-396AC5E14063}.Release|Any CPU.ActiveCfg = Release
	EndGlobalSection
	GlobalSection(SolutionProperties) = preSolution
		HideSolutionNode = FALSE
	EndGlobalSection
	GlobalSection(ExtensibilityGlobals) = postSolution
		SolutionGuid = {B7480D0F-EBB4-4223-B20E-1C7A994EB553}
	EndGlobalSection
EndGlobal
